// !$*UTF8*$!
{
	archiveVersion = 1;
	classes = {
	};
	objectVersion = 77;
	objects = {

/* Begin PBXBuildFile section */
		03E662E52083F700D2DA0F17 /* Pods_SnapChartsTests.framework in Frameworks */ = {isa = PBXBuildFile; fileRef = 4FEF2501518E5880C8B14FD7 /* Pods_SnapChartsTests.framework */; };
		44B735CEB22BB6525B3E9FE4 /* Pods_SnapCharts_SnapChartsUITests.framework in Frameworks */ = {isa = PBXBuildFile; fileRef = 87DCDFBDDC395E0A724E34C6 /* Pods_SnapCharts_SnapChartsUITests.framework */; };
		B795237C51114A8ECF2AB0BD /* Pods_SnapCharts.framework in Frameworks */ = {isa = PBXBuildFile; fileRef = B7DB10B02D625ECE231220EA /* Pods_SnapCharts.framework */; };
/* End PBXBuildFile section */

/* Begin PBXContainerItemProxy section */
		E6A7DEEC2EF3773B00C31ED5 /* PBXContainerItemProxy */ = {
			isa = PBXContainerItemProxy;
			containerPortal = E6A7DED12EF3773900C31ED5 /* Project object */;
			proxyType = 1;
			remoteGlobalIDString = E6A7DED82EF3773900C31ED5;
			remoteInfo = SnapCharts;
		};
		E6A7DEF62EF3773B00C31ED5 /* PBXContainerItemProxy */ = {
			isa = PBXContainerItemProxy;
			containerPortal = E6A7DED12EF3773900C31ED5 /* Project object */;
			proxyType = 1;
			remoteGlobalIDString = E6A7DED82EF3773900C31ED5;
			remoteInfo = SnapCharts;
		};
/* End PBXContainerItemProxy section */

/* Begin PBXFileReference section */
		0301D714557ED620BF74AC45 /* Pods-SnapChartsTests.debug.xcconfig */ = {isa = PBXFileReference; includeInIndex = 1; lastKnownFileType = text.xcconfig; name = "Pods-SnapChartsTests.debug.xcconfig"; path = "Target Support Files/Pods-SnapChartsTests/Pods-SnapChartsTests.debug.xcconfig"; sourceTree = "<group>"; };
		4FEF2501518E5880C8B14FD7 /* Pods_SnapChartsTests.framework */ = {isa = PBXFileReference; explicitFileType = wrapper.framework; includeInIndex = 0; path = Pods_SnapChartsTests.framework; sourceTree = BUILT_PRODUCTS_DIR; };
		717F9E5795AD71CDE7C285AB /* Pods-SnapCharts-SnapChartsUITests.release.xcconfig */ = {isa = PBXFileReference; includeInIndex = 1; lastKnownFileType = text.xcconfig; name = "Pods-SnapCharts-SnapChartsUITests.release.xcconfig"; path = "Target Support Files/Pods-SnapCharts-SnapChartsUITests/Pods-SnapCharts-SnapChartsUITests.release.xcconfig"; sourceTree = "<group>"; };
		81E89658BB03BD568CA3A336 /* Pods-SnapCharts.release.xcconfig */ = {isa = PBXFileReference; includeInIndex = 1; lastKnownFileType = text.xcconfig; name = "Pods-SnapCharts.release.xcconfig"; path = "Target Support Files/Pods-SnapCharts/Pods-SnapCharts.release.xcconfig"; sourceTree = "<group>"; };
		87DCDFBDDC395E0A724E34C6 /* Pods_SnapCharts_SnapChartsUITests.framework */ = {isa = PBXFileReference; explicitFileType = wrapper.framework; includeInIndex = 0; path = Pods_SnapCharts_SnapChartsUITests.framework; sourceTree = BUILT_PRODUCTS_DIR; };
		A69CCAB4C04603B5C2BF5C51 /* Pods-SnapChartsTests.release.xcconfig */ = {isa = PBXFileReference; includeInIndex = 1; lastKnownFileType = text.xcconfig; name = "Pods-SnapChartsTests.release.xcconfig"; path = "Target Support Files/Pods-SnapChartsTests/Pods-SnapChartsTests.release.xcconfig"; sourceTree = "<group>"; };
		B7DB10B02D625ECE231220EA /* Pods_SnapCharts.framework */ = {isa = PBXFileReference; explicitFileType = wrapper.framework; includeInIndex = 0; path = Pods_SnapCharts.framework; sourceTree = BUILT_PRODUCTS_DIR; };
		E6A7DED92EF3773900C31ED5 /* SnapCharts.app */ = {isa = PBXFileReference; explicitFileType = wrapper.application; includeInIndex = 0; path = SnapCharts.app; sourceTree = BUILT_PRODUCTS_DIR; };
		E6A7DEEB2EF3773B00C31ED5 /* SnapChartsTests.xctest */ = {isa = PBXFileReference; explicitFileType = wrapper.cfbundle; includeInIndex = 0; path = SnapChartsTests.xctest; sourceTree = BUILT_PRODUCTS_DIR; };
		E6A7DEF52EF3773B00C31ED5 /* SnapChartsUITests.xctest */ = {isa = PBXFileReference; explicitFileType = wrapper.cfbundle; includeInIndex = 0; path = SnapChartsUITests.xctest; sourceTree = BUILT_PRODUCTS_DIR; };
		EF08FCD95B4910853E0E586D /* Pods-SnapCharts.debug.xcconfig */ = {isa = PBXFileReference; includeInIndex = 1; lastKnownFileType = text.xcconfig; name = "Pods-SnapCharts.debug.xcconfig"; path = "Target Support Files/Pods-SnapCharts/Pods-SnapCharts.debug.xcconfig"; sourceTree = "<group>"; };
		F2D246451786CF51A46B1074 /* Pods-SnapCharts-SnapChartsUITests.debug.xcconfig */ = {isa = PBXFileReference; includeInIndex = 1; lastKnownFileType = text.xcconfig; name = "Pods-SnapCharts-SnapChartsUITests.debug.xcconfig"; path = "Target Support Files/Pods-SnapCharts-SnapChartsUITests/Pods-SnapCharts-SnapChartsUITests.debug.xcconfig"; sourceTree = "<group>"; };
/* End PBXFileReference section */

/* Begin PBXFileSystemSynchronizedRootGroup section */
		E6A7DEDB2EF3773900C31ED5 /* SnapCharts */ = {
			isa = PBXFileSystemSynchronizedRootGroup;
			path = SnapCharts;
			sourceTree = "<group>";
		};
		E6A7DEEE2EF3773B00C31ED5 /* SnapChartsTests */ = {
			isa = PBXFileSystemSynchronizedRootGroup;
			path = SnapChartsTests;
			sourceTree = "<group>";
		};
		E6A7DEF82EF3773B00C31ED5 /* SnapChartsUITests */ = {
			isa = PBXFileSystemSynchronizedRootGroup;
			path = SnapChartsUITests;
			sourceTree = "<group>";
		};
/* End PBXFileSystemSynchronizedRootGroup section */

/* Begin PBXFrameworksBuildPhase section */
		E6A7DED62EF3773900C31ED5 /* Frameworks */ = {
			isa = PBXFrameworksBuildPhase;
			buildActionMask = 2147483647;
			files = (
				B795237C51114A8ECF2AB0BD /* Pods_SnapCharts.framework in Frameworks */,
			);
			runOnlyForDeploymentPostprocessing = 0;
		};
		E6A7DEE82EF3773B00C31ED5 /* Frameworks */ = {
			isa = PBXFrameworksBuildPhase;
			buildActionMask = 2147483647;
			files = (
				03E662E52083F700D2DA0F17 /* Pods_SnapChartsTests.framework in Frameworks */,
			);
			runOnlyForDeploymentPostprocessing = 0;
		};
		E6A7DEF22EF3773B00C31ED5 /* Frameworks */ = {
			isa = PBXFrameworksBuildPhase;
			buildActionMask = 2147483647;
			files = (
				44B735CEB22BB6525B3E9FE4 /* Pods_SnapCharts_SnapChartsUITests.framework in Frameworks */,
			);
			runOnlyForDeploymentPostprocessing = 0;
		};
/* End PBXFrameworksBuildPhase section */

/* Begin PBXGroup section */
		3658B4EDD0A6654091D21464 /* Pods */ = {
			isa = PBXGroup;
			children = (
				EF08FCD95B4910853E0E586D /* Pods-SnapCharts.debug.xcconfig */,
				81E89658BB03BD568CA3A336 /* Pods-SnapCharts.release.xcconfig */,
				F2D246451786CF51A46B1074 /* Pods-SnapCharts-SnapChartsUITests.debug.xcconfig */,
				717F9E5795AD71CDE7C285AB /* Pods-SnapCharts-SnapChartsUITests.release.xcconfig */,
				0301D714557ED620BF74AC45 /* Pods-SnapChartsTests.debug.xcconfig */,
				A69CCAB4C04603B5C2BF5C51 /* Pods-SnapChartsTests.release.xcconfig */,
			);
			path = Pods;
			sourceTree = "<group>";
		};
		3AB2CE07B2CFE11C0AEDE31B /* Frameworks */ = {
			isa = PBXGroup;
			children = (
				B7DB10B02D625ECE231220EA /* Pods_SnapCharts.framework */,
				87DCDFBDDC395E0A724E34C6 /* Pods_SnapCharts_SnapChartsUITests.framework */,
				4FEF2501518E5880C8B14FD7 /* Pods_SnapChartsTests.framework */,
			);
			name = Frameworks;
			sourceTree = "<group>";
		};
		E6A7DED02EF3773900C31ED5 = {
			isa = PBXGroup;
			children = (
				E6A7DEDB2EF3773900C31ED5 /* SnapCharts */,
				E6A7DEEE2EF3773B00C31ED5 /* SnapChartsTests */,
				E6A7DEF82EF3773B00C31ED5 /* SnapChartsUITests */,
				E6A7DEDA2EF3773900C31ED5 /* Products */,
				3658B4EDD0A6654091D21464 /* Pods */,
				3AB2CE07B2CFE11C0AEDE31B /* Frameworks */,
			);
			sourceTree = "<group>";
		};
		E6A7DEDA2EF3773900C31ED5 /* Products */ = {
			isa = PBXGroup;
			children = (
				E6A7DED92EF3773900C31ED5 /* SnapCharts.app */,
				E6A7DEEB2EF3773B00C31ED5 /* SnapChartsTests.xctest */,
				E6A7DEF52EF3773B00C31ED5 /* SnapChartsUITests.xctest */,
			);
			name = Products;
			sourceTree = "<group>";
		};
/* End PBXGroup section */

/* Begin PBXNativeTarget section */
		E6A7DED82EF3773900C31ED5 /* SnapCharts */ = {
			isa = PBXNativeTarget;
			buildConfigurationList = E6A7DEFF2EF3773B00C31ED5 /* Build configuration list for PBXNativeTarget "SnapCharts" */;
			buildPhases = (
				12106A454B8F8427D3D70FC8 /* [CP] Check Pods Manifest.lock */,
				E6A7DED52EF3773900C31ED5 /* Sources */,
				E6A7DED62EF3773900C31ED5 /* Frameworks */,
				E6A7DED72EF3773900C31ED5 /* Resources */,
				32292C87AAF1654CDB34FBA5 /* [CP] Embed Pods Frameworks */,
			);
			buildRules = (
			);
			dependencies = (
			);
			fileSystemSynchronizedGroups = (
				E6A7DEDB2EF3773900C31ED5 /* SnapCharts */,
			);
			name = SnapCharts;
			productName = SnapCharts;
			productReference = E6A7DED92EF3773900C31ED5 /* SnapCharts.app */;
			productType = "com.apple.product-type.application";
		};
		E6A7DEEA2EF3773B00C31ED5 /* SnapChartsTests */ = {
			isa = PBXNativeTarget;
			buildConfigurationList = E6A7DF022EF3773B00C31ED5 /* Build configuration list for PBXNativeTarget "SnapChartsTests" */;
			buildPhases = (
				607273311A90D7CA145DD3EF /* [CP] Check Pods Manifest.lock */,
				E6A7DEE72EF3773B00C31ED5 /* Sources */,
				E6A7DEE82EF3773B00C31ED5 /* Frameworks */,
				E6A7DEE92EF3773B00C31ED5 /* Resources */,
			);
			buildRules = (
			);
			dependencies = (
				E6A7DEED2EF3773B00C31ED5 /* PBXTargetDependency */,
			);
			fileSystemSynchronizedGroups = (
				E6A7DEEE2EF3773B00C31ED5 /* SnapChartsTests */,
			);
			name = SnapChartsTests;
			productName = SnapChartsTests;
			productReference = E6A7DEEB2EF3773B00C31ED5 /* SnapChartsTests.xctest */;
			productType = "com.apple.product-type.bundle.unit-test";
		};
		E6A7DEF42EF3773B00C31ED5 /* SnapChartsUITests */ = {
			isa = PBXNativeTarget;
			buildConfigurationList = E6A7DF052EF3773B00C31ED5 /* Build configuration list for PBXNativeTarget "SnapChartsUITests" */;
			buildPhases = (
				0995F281346EF23BA67A9443 /* [CP] Check Pods Manifest.lock */,
				E6A7DEF12EF3773B00C31ED5 /* Sources */,
				E6A7DEF22EF3773B00C31ED5 /* Frameworks */,
				E6A7DEF32EF3773B00C31ED5 /* Resources */,
				E5AA19BC52815A5A29C9FE38 /* [CP] Embed Pods Frameworks */,
			);
			buildRules = (
			);
			dependencies = (
				E6A7DEF72EF3773B00C31ED5 /* PBXTargetDependency */,
			);
			fileSystemSynchronizedGroups = (
				E6A7DEF82EF3773B00C31ED5 /* SnapChartsUITests */,
			);
			name = SnapChartsUITests;
			productName = SnapChartsUITests;
			productReference = E6A7DEF52EF3773B00C31ED5 /* SnapChartsUITests.xctest */;
			productType = "com.apple.product-type.bundle.ui-testing";
		};
/* End PBXNativeTarget section */

/* Begin PBXProject section */
		E6A7DED12EF3773900C31ED5 /* Project object */ = {
			isa = PBXProject;
			attributes = {
				BuildIndependentTargetsInParallel = 1;
				LastSwiftUpdateCheck = 2610;
				LastUpgradeCheck = 2610;
				TargetAttributes = {
					E6A7DED82EF3773900C31ED5 = {
						CreatedOnToolsVersion = 26.1.1;
					};
					E6A7DEEA2EF3773B00C31ED5 = {
						CreatedOnToolsVersion = 26.1.1;
						TestTargetID = E6A7DED82EF3773900C31ED5;
					};
					E6A7DEF42EF3773B00C31ED5 = {
						CreatedOnToolsVersion = 26.1.1;
						TestTargetID = E6A7DED82EF3773900C31ED5;
					};
				};
			};
			buildConfigurationList = E6A7DED42EF3773900C31ED5 /* Build configuration list for PBXProject "SnapCharts" */;
			developmentRegion = en;
			hasScannedForEncodings = 0;
			knownRegions = (
				en,
				Base,
			);
			mainGroup = E6A7DED02EF3773900C31ED5;
			minimizedProjectReferenceProxies = 1;
			preferredProjectObjectVersion = 77;
			productRefGroup = E6A7DEDA2EF3773900C31ED5 /* Products */;
			projectDirPath = "";
			projectRoot = "";
			targets = (
				E6A7DED82EF3773900C31ED5 /* SnapCharts */,
				E6A7DEEA2EF3773B00C31ED5 /* SnapChartsTests */,
				E6A7DEF42EF3773B00C31ED5 /* SnapChartsUITests */,
			);
		};
/* End PBXProject section */

/* Begin PBXResourcesBuildPhase section */
		E6A7DED72EF3773900C31ED5 /* Resources */ = {
			isa = PBXResourcesBuildPhase;
			buildActionMask = 2147483647;
			files = (
			);
			runOnlyForDeploymentPostprocessing = 0;
		};
		E6A7DEE92EF3773B00C31ED5 /* Resources */ = {
			isa = PBXResourcesBuildPhase;
			buildActionMask = 2147483647;
			files = (
			);
			runOnlyForDeploymentPostprocessing = 0;
		};
		E6A7DEF32EF3773B00C31ED5 /* Resources */ = {
			isa = PBXResourcesBuildPhase;
			buildActionMask = 2147483647;
			files = (
			);
			runOnlyForDeploymentPostprocessing = 0;
		};
/* End PBXResourcesBuildPhase section */

/* Begin PBXShellScriptBuildPhase section */
		0995F281346EF23BA67A9443 /* [CP] Check Pods Manifest.lock */ = {
			isa = PBXShellScriptBuildPhase;
			buildActionMask = 2147483647;
			files = (
			);
			inputFileListPaths = (
			);
			inputPaths = (
				"${PODS_PODFILE_DIR_PATH}/Podfile.lock",
				"${PODS_ROOT}/Manifest.lock",
			);
			name = "[CP] Check Pods Manifest.lock";
			outputFileListPaths = (
			);
			outputPaths = (
				"$(DERIVED_FILE_DIR)/Pods-SnapCharts-SnapChartsUITests-checkManifestLockResult.txt",
			);
			runOnlyForDeploymentPostprocessing = 0;
			shellPath = /bin/sh;
			shellScript = "diff \"${PODS_PODFILE_DIR_PATH}/Podfile.lock\" \"${PODS_ROOT}/Manifest.lock\" > /dev/null\nif [ $? != 0 ] ; then\n    # print error to STDERR\n    echo \"error: The sandbox is not in sync with the Podfile.lock. Run 'pod install' or update your CocoaPods installation.\" >&2\n    exit 1\nfi\n# This output is used by Xcode 'outputs' to avoid re-running this script phase.\necho \"SUCCESS\" > \"${SCRIPT_OUTPUT_FILE_0}\"\n";
			showEnvVarsInLog = 0;
		};
		12106A454B8F8427D3D70FC8 /* [CP] Check Pods Manifest.lock */ = {
			isa = PBXShellScriptBuildPhase;
			buildActionMask = 2147483647;
			files = (
			);
			inputFileListPaths = (
			);
			inputPaths = (
				"${PODS_PODFILE_DIR_PATH}/Podfile.lock",
				"${PODS_ROOT}/Manifest.lock",
			);
			name = "[CP] Check Pods Manifest.lock";
			outputFileListPaths = (
			);
			outputPaths = (
				"$(DERIVED_FILE_DIR)/Pods-SnapCharts-checkManifestLockResult.txt",
			);
			runOnlyForDeploymentPostprocessing = 0;
			shellPath = /bin/sh;
			shellScript = "diff \"${PODS_PODFILE_DIR_PATH}/Podfile.lock\" \"${PODS_ROOT}/Manifest.lock\" > /dev/null\nif [ $? != 0 ] ; then\n    # print error to STDERR\n    echo \"error: The sandbox is not in sync with the Podfile.lock. Run 'pod install' or update your CocoaPods installation.\" >&2\n    exit 1\nfi\n# This output is used by Xcode 'outputs' to avoid re-running this script phase.\necho \"SUCCESS\" > \"${SCRIPT_OUTPUT_FILE_0}\"\n";
			showEnvVarsInLog = 0;
		};
		32292C87AAF1654CDB34FBA5 /* [CP] Embed Pods Frameworks */ = {
			isa = PBXShellScriptBuildPhase;
			buildActionMask = 2147483647;
			files = (
			);
			inputFileListPaths = (
				"${PODS_ROOT}/Target Support Files/Pods-SnapCharts/Pods-SnapCharts-frameworks-${CONFIGURATION}-input-files.xcfilelist",
			);
			inputPaths = (
			);
			name = "[CP] Embed Pods Frameworks";
			outputFileListPaths = (
				"${PODS_ROOT}/Target Support Files/Pods-SnapCharts/Pods-SnapCharts-frameworks-${CONFIGURATION}-output-files.xcfilelist",
			);
			outputPaths = (
			);
			runOnlyForDeploymentPostprocessing = 0;
			shellPath = /bin/sh;
			shellScript = "\"${PODS_ROOT}/Target Support Files/Pods-SnapCharts/Pods-SnapCharts-frameworks.sh\"\n";
			showEnvVarsInLog = 0;
		};
		607273311A90D7CA145DD3EF /* [CP] Check Pods Manifest.lock */ = {
			isa = PBXShellScriptBuildPhase;
			buildActionMask = 2147483647;
			files = (
			);
			inputFileListPaths = (
			);
			inputPaths = (
				"${PODS_PODFILE_DIR_PATH}/Podfile.lock",
				"${PODS_ROOT}/Manifest.lock",
			);
			name = "[CP] Check Pods Manifest.lock";
			outputFileListPaths = (
			);
			outputPaths = (
				"$(DERIVED_FILE_DIR)/Pods-SnapChartsTests-checkManifestLockResult.txt",
			);
			runOnlyForDeploymentPostprocessing = 0;
			shellPath = /bin/sh;
			shellScript = "diff \"${PODS_PODFILE_DIR_PATH}/Podfile.lock\" \"${PODS_ROOT}/Manifest.lock\" > /dev/null\nif [ $? != 0 ] ; then\n    # print error to STDERR\n    echo \"error: The sandbox is not in sync with the Podfile.lock. Run 'pod install' or update your CocoaPods installation.\" >&2\n    exit 1\nfi\n# This output is used by Xcode 'outputs' to avoid re-running this script phase.\necho \"SUCCESS\" > \"${SCRIPT_OUTPUT_FILE_0}\"\n";
			showEnvVarsInLog = 0;
		};
		E5AA19BC52815A5A29C9FE38 /* [CP] Embed Pods Frameworks */ = {
			isa = PBXShellScriptBuildPhase;
			buildActionMask = 2147483647;
			files = (
			);
			inputFileListPaths = (
				"${PODS_ROOT}/Target Support Files/Pods-SnapCharts-SnapChartsUITests/Pods-SnapCharts-SnapChartsUITests-frameworks-${CONFIGURATION}-input-files.xcfilelist",
			);
			inputPaths = (
			);
			name = "[CP] Embed Pods Frameworks";
			outputFileListPaths = (
				"${PODS_ROOT}/Target Support Files/Pods-SnapCharts-SnapChartsUITests/Pods-SnapCharts-SnapChartsUITests-frameworks-${CONFIGURATION}-output-files.xcfilelist",
			);
			outputPaths = (
			);
			runOnlyForDeploymentPostprocessing = 0;
			shellPath = /bin/sh;
			shellScript = "\"${PODS_ROOT}/Target Support Files/Pods-SnapCharts-SnapChartsUITests/Pods-SnapCharts-SnapChartsUITests-frameworks.sh\"\n";
			showEnvVarsInLog = 0;
		};
/* End PBXShellScriptBuildPhase section */

/* Begin PBXSourcesBuildPhase section */
		E6A7DED52EF3773900C31ED5 /* Sources */ = {
			isa = PBXSourcesBuildPhase;
			buildActionMask = 2147483647;
			files = (
			);
			runOnlyForDeploymentPostprocessing = 0;
		};
		E6A7DEE72EF3773B00C31ED5 /* Sources */ = {
			isa = PBXSourcesBuildPhase;
			buildActionMask = 2147483647;
			files = (
			);
			runOnlyForDeploymentPostprocessing = 0;
		};
		E6A7DEF12EF3773B00C31ED5 /* Sources */ = {
			isa = PBXSourcesBuildPhase;
			buildActionMask = 2147483647;
			files = (
			);
			runOnlyForDeploymentPostprocessing = 0;
		};
/* End PBXSourcesBuildPhase section */

/* Begin PBXTargetDependency section */
		E6A7DEED2EF3773B00C31ED5 /* PBXTargetDependency */ = {
			isa = PBXTargetDependency;
			target = E6A7DED82EF3773900C31ED5 /* SnapCharts */;
			targetProxy = E6A7DEEC2EF3773B00C31ED5 /* PBXContainerItemProxy */;
		};
		E6A7DEF72EF3773B00C31ED5 /* PBXTargetDependency */ = {
			isa = PBXTargetDependency;
			target = E6A7DED82EF3773900C31ED5 /* SnapCharts */;
			targetProxy = E6A7DEF62EF3773B00C31ED5 /* PBXContainerItemProxy */;
		};
/* End PBXTargetDependency section */

/* Begin XCBuildConfiguration section */
		E6A7DEFD2EF3773B00C31ED5 /* Debug */ = {
			isa = XCBuildConfiguration;
			buildSettings = {
				ALWAYS_SEARCH_USER_PATHS = NO;
				ASSETCATALOG_COMPILER_GENERATE_SWIFT_ASSET_SYMBOL_EXTENSIONS = YES;
				CLANG_ANALYZER_NONNULL = YES;
				CLANG_ANALYZER_NUMBER_OBJECT_CONVERSION = YES_AGGRESSIVE;
				CLANG_CXX_LANGUAGE_STANDARD = "gnu++20";
				CLANG_ENABLE_MODULES = YES;
				CLANG_ENABLE_OBJC_ARC = YES;
				CLANG_ENABLE_OBJC_WEAK = YES;
				CLANG_WARN_BLOCK_CAPTURE_AUTORELEASING = YES;
				CLANG_WARN_BOOL_CONVERSION = YES;
				CLANG_WARN_COMMA = YES;
				CLANG_WARN_CONSTANT_CONVERSION = YES;
				CLANG_WARN_DEPRECATED_OBJC_IMPLEMENTATIONS = YES;
				CLANG_WARN_DIRECT_OBJC_ISA_USAGE = YES_ERROR;
				CLANG_WARN_DOCUMENTATION_COMMENTS = YES;
				CLANG_WARN_EMPTY_BODY = YES;
				CLANG_WARN_ENUM_CONVERSION = YES;
				CLANG_WARN_INFINITE_RECURSION = YES;
				CLANG_WARN_INT_CONVERSION = YES;
				CLANG_WARN_NON_LITERAL_NULL_CONVERSION = YES;
				CLANG_WARN_OBJC_IMPLICIT_RETAIN_SELF = YES;
				CLANG_WARN_OBJC_LITERAL_CONVERSION = YES;
				CLANG_WARN_OBJC_ROOT_CLASS = YES_ERROR;
				CLANG_WARN_QUOTED_INCLUDE_IN_FRAMEWORK_HEADER = YES;
				CLANG_WARN_RANGE_LOOP_ANALYSIS = YES;
				CLANG_WARN_STRICT_PROTOTYPES = YES;
				CLANG_WARN_SUSPICIOUS_MOVE = YES;
				CLANG_WARN_UNGUARDED_AVAILABILITY = YES_AGGRESSIVE;
				CLANG_WARN_UNREACHABLE_CODE = YES;
				CLANG_WARN__DUPLICATE_METHOD_MATCH = YES;
				COPY_PHASE_STRIP = NO;
				DEBUG_INFORMATION_FORMAT = dwarf;
				DEVELOPMENT_TEAM = 6NP873845S;
				ENABLE_STRICT_OBJC_MSGSEND = YES;
				ENABLE_TESTABILITY = YES;
				ENABLE_USER_SCRIPT_SANDBOXING = NO;
				GCC_C_LANGUAGE_STANDARD = gnu17;
				GCC_DYNAMIC_NO_PIC = NO;
				GCC_NO_COMMON_BLOCKS = YES;
				GCC_OPTIMIZATION_LEVEL = 0;
				GCC_PREPROCESSOR_DEFINITIONS = (
					"DEBUG=1",
					"$(inherited)",
				);
				GCC_WARN_64_TO_32_BIT_CONVERSION = YES;
				GCC_WARN_ABOUT_RETURN_TYPE = YES_ERROR;
				GCC_WARN_UNDECLARED_SELECTOR = YES;
				GCC_WARN_UNINITIALIZED_AUTOS = YES_AGGRESSIVE;
				GCC_WARN_UNUSED_FUNCTION = YES;
				GCC_WARN_UNUSED_VARIABLE = YES;
				IPHONEOS_DEPLOYMENT_TARGET = 26.1;
				LOCALIZATION_PREFERS_STRING_CATALOGS = YES;
				MTL_ENABLE_DEBUG_INFO = INCLUDE_SOURCE;
				MTL_FAST_MATH = YES;
				ONLY_ACTIVE_ARCH = YES;
				SDKROOT = iphoneos;
				SWIFT_ACTIVE_COMPILATION_CONDITIONS = "DEBUG $(inherited)";
				SWIFT_OPTIMIZATION_LEVEL = "-Onone";
			};
			name = Debug;
		};
		E6A7DEFE2EF3773B00C31ED5 /* Release */ = {
			isa = XCBuildConfiguration;
			buildSettings = {
				ALWAYS_SEARCH_USER_PATHS = NO;
				ASSETCATALOG_COMPILER_GENERATE_SWIFT_ASSET_SYMBOL_EXTENSIONS = YES;
				CLANG_ANALYZER_NONNULL = YES;
				CLANG_ANALYZER_NUMBER_OBJECT_CONVERSION = YES_AGGRESSIVE;
				CLANG_CXX_LANGUAGE_STANDARD = "gnu++20";
				CLANG_ENABLE_MODULES = YES;
				CLANG_ENABLE_OBJC_ARC = YES;
				CLANG_ENABLE_OBJC_WEAK = YES;
				CLANG_WARN_BLOCK_CAPTURE_AUTORELEASING = YES;
				CLANG_WARN_BOOL_CONVERSION = YES;
				CLANG_WARN_COMMA = YES;
				CLANG_WARN_CONSTANT_CONVERSION = YES;
				CLANG_WARN_DEPRECATED_OBJC_IMPLEMENTATIONS = YES;
				CLANG_WARN_DIRECT_OBJC_ISA_USAGE = YES_ERROR;
				CLANG_WARN_DOCUMENTATION_COMMENTS = YES;
				CLANG_WARN_EMPTY_BODY = YES;
				CLANG_WARN_ENUM_CONVERSION = YES;
				CLANG_WARN_INFINITE_RECURSION = YES;
				CLANG_WARN_INT_CONVERSION = YES;
				CLANG_WARN_NON_LITERAL_NULL_CONVERSION = YES;
				CLANG_WARN_OBJC_IMPLICIT_RETAIN_SELF = YES;
				CLANG_WARN_OBJC_LITERAL_CONVERSION = YES;
				CLANG_WARN_OBJC_ROOT_CLASS = YES_ERROR;
				CLANG_WARN_QUOTED_INCLUDE_IN_FRAMEWORK_HEADER = YES;
				CLANG_WARN_RANGE_LOOP_ANALYSIS = YES;
				CLANG_WARN_STRICT_PROTOTYPES = YES;
				CLANG_WARN_SUSPICIOUS_MOVE = YES;
				CLANG_WARN_UNGUARDED_AVAILABILITY = YES_AGGRESSIVE;
				CLANG_WARN_UNREACHABLE_CODE = YES;
				CLANG_WARN__DUPLICATE_METHOD_MATCH = YES;
				COPY_PHASE_STRIP = NO;
				DEBUG_INFORMATION_FORMAT = "dwarf-with-dsym";
				DEVELOPMENT_TEAM = 6NP873845S;
				ENABLE_NS_ASSERTIONS = NO;
				ENABLE_STRICT_OBJC_MSGSEND = YES;
				ENABLE_USER_SCRIPT_SANDBOXING = NO;
				GCC_C_LANGUAGE_STANDARD = gnu17;
				GCC_NO_COMMON_BLOCKS = YES;
				GCC_WARN_64_TO_32_BIT_CONVERSION = YES;
				GCC_WARN_ABOUT_RETURN_TYPE = YES_ERROR;
				GCC_WARN_UNDECLARED_SELECTOR = YES;
				GCC_WARN_UNINITIALIZED_AUTOS = YES_AGGRESSIVE;
				GCC_WARN_UNUSED_FUNCTION = YES;
				GCC_WARN_UNUSED_VARIABLE = YES;
				IPHONEOS_DEPLOYMENT_TARGET = 26.1;
				LOCALIZATION_PREFERS_STRING_CATALOGS = YES;
				MTL_ENABLE_DEBUG_INFO = NO;
				MTL_FAST_MATH = YES;
				SDKROOT = iphoneos;
				SWIFT_COMPILATION_MODE = wholemodule;
				VALIDATE_PRODUCT = YES;
			};
			name = Release;
		};
		E6A7DF002EF3773B00C31ED5 /* Debug */ = {
			isa = XCBuildConfiguration;
			baseConfigurationReference = EF08FCD95B4910853E0E586D /* Pods-SnapCharts.debug.xcconfig */;
			buildSettings = {
				ASSETCATALOG_COMPILER_APPICON_NAME = AppIcon;
				ASSETCATALOG_COMPILER_GLOBAL_ACCENT_COLOR_NAME = AccentColor;
				CODE_SIGN_STYLE = Automatic;
				CURRENT_PROJECT_VERSION = 1;
				DEVELOPMENT_TEAM = 6NP873845S;
				ENABLE_PREVIEWS = NO;
				GENERATE_INFOPLIST_FILE = YES;
				INFOPLIST_KEY_UIApplicationSceneManifest_Generation = YES;
				INFOPLIST_KEY_UIApplicationSupportsIndirectInputEvents = YES;
				INFOPLIST_KEY_UILaunchScreen_Generation = YES;
				INFOPLIST_KEY_UISupportedInterfaceOrientations_iPad = "UIInterfaceOrientationPortrait UIInterfaceOrientationPortraitUpsideDown UIInterfaceOrientationLandscapeLeft UIInterfaceOrientationLandscapeRight";
				INFOPLIST_KEY_UISupportedInterfaceOrientations_iPhone = "UIInterfaceOrientationPortrait UIInterfaceOrientationLandscapeLeft UIInterfaceOrientationLandscapeRight";
				LD_RUNPATH_SEARCH_PATHS = (
					"$(inherited)",
					"@executable_path/Frameworks",
				);
				MARKETING_VERSION = 1.0;
				PRODUCT_BUNDLE_IDENTIFIER = com.williamspiegel.SnapCharts;
				PRODUCT_NAME = "$(TARGET_NAME)";
				STRING_CATALOG_GENERATE_SYMBOLS = YES;
				SWIFT_APPROACHABLE_CONCURRENCY = YES;
				SWIFT_DEFAULT_ACTOR_ISOLATION = MainActor;
				SWIFT_EMIT_LOC_STRINGS = YES;
				SWIFT_UPCOMING_FEATURE_MEMBER_IMPORT_VISIBILITY = YES;
				SWIFT_VERSION = 5.0;
				TARGETED_DEVICE_FAMILY = "1,2";
			};
			name = Debug;
		};
		E6A7DF012EF3773B00C31ED5 /* Release */ = {
			isa = XCBuildConfiguration;
			baseConfigurationReference = 81E89658BB03BD568CA3A336 /* Pods-SnapCharts.release.xcconfig */;
			buildSettings = {
				ASSETCATALOG_COMPILER_APPICON_NAME = AppIcon;
				ASSETCATALOG_COMPILER_GLOBAL_ACCENT_COLOR_NAME = AccentColor;
				CODE_SIGN_STYLE = Automatic;
				CURRENT_PROJECT_VERSION = 1;
				DEVELOPMENT_TEAM = 6NP873845S;
				ENABLE_PREVIEWS = NO;
				GENERATE_INFOPLIST_FILE = YES;
				INFOPLIST_KEY_UIApplicationSceneManifest_Generation = YES;
				INFOPLIST_KEY_UIApplicationSupportsIndirectInputEvents = YES;
				INFOPLIST_KEY_UILaunchScreen_Generation = YES;
				INFOPLIST_KEY_UISupportedInterfaceOrientations_iPad = "UIInterfaceOrientationPortrait UIInterfaceOrientationPortraitUpsideDown UIInterfaceOrientationLandscapeLeft UIInterfaceOrientationLandscapeRight";
				INFOPLIST_KEY_UISupportedInterfaceOrientations_iPhone = "UIInterfaceOrientationPortrait UIInterfaceOrientationLandscapeLeft UIInterfaceOrientationLandscapeRight";
				LD_RUNPATH_SEARCH_PATHS = (
					"$(inherited)",
					"@executable_path/Frameworks",
				);
				MARKETING_VERSION = 1.0;
				PRODUCT_BUNDLE_IDENTIFIER = com.williamspiegel.SnapCharts;
				PRODUCT_NAME = "$(TARGET_NAME)";
				STRING_CATALOG_GENERATE_SYMBOLS = YES;
				SWIFT_APPROACHABLE_CONCURRENCY = YES;
				SWIFT_DEFAULT_ACTOR_ISOLATION = MainActor;
				SWIFT_EMIT_LOC_STRINGS = YES;
				SWIFT_UPCOMING_FEATURE_MEMBER_IMPORT_VISIBILITY = YES;
				SWIFT_VERSION = 5.0;
				TARGETED_DEVICE_FAMILY = "1,2";
			};
			name = Release;
		};
		E6A7DF032EF3773B00C31ED5 /* Debug */ = {
			isa = XCBuildConfiguration;
			baseConfigurationReference = 0301D714557ED620BF74AC45 /* Pods-SnapChartsTests.debug.xcconfig */;
			buildSettings = {
				BUNDLE_LOADER = "$(TEST_HOST)";
				CODE_SIGN_STYLE = Automatic;
				CURRENT_PROJECT_VERSION = 1;
				DEVELOPMENT_TEAM = 6NP873845S;
				GENERATE_INFOPLIST_FILE = YES;
				IPHONEOS_DEPLOYMENT_TARGET = 26.1;
				MARKETING_VERSION = 1.0;
				PRODUCT_BUNDLE_IDENTIFIER = com.williamspiegel.SnapChartsTests;
				PRODUCT_NAME = "$(TARGET_NAME)";
				STRING_CATALOG_GENERATE_SYMBOLS = NO;
				SWIFT_APPROACHABLE_CONCURRENCY = YES;
				SWIFT_EMIT_LOC_STRINGS = NO;
				SWIFT_UPCOMING_FEATURE_MEMBER_IMPORT_VISIBILITY = YES;
				SWIFT_VERSION = 5.0;
				TARGETED_DEVICE_FAMILY = "1,2";
				TEST_HOST = "$(BUILT_PRODUCTS_DIR)/SnapCharts.app/$(BUNDLE_EXECUTABLE_FOLDER_PATH)/SnapCharts";
			};
			name = Debug;
		};
		E6A7DF042EF3773B00C31ED5 /* Release */ = {
			isa = XCBuildConfiguration;
			baseConfigurationReference = A69CCAB4C04603B5C2BF5C51 /* Pods-SnapChartsTests.release.xcconfig */;
			buildSettings = {
				BUNDLE_LOADER = "$(TEST_HOST)";
				CODE_SIGN_STYLE = Automatic;
				CURRENT_PROJECT_VERSION = 1;
				DEVELOPMENT_TEAM = 6NP873845S;
				GENERATE_INFOPLIST_FILE = YES;
				IPHONEOS_DEPLOYMENT_TARGET = 26.1;
				MARKETING_VERSION = 1.0;
				PRODUCT_BUNDLE_IDENTIFIER = com.williamspiegel.SnapChartsTests;
				PRODUCT_NAME = "$(TARGET_NAME)";
				STRING_CATALOG_GENERATE_SYMBOLS = NO;
				SWIFT_APPROACHABLE_CONCURRENCY = YES;
				SWIFT_EMIT_LOC_STRINGS = NO;
				SWIFT_UPCOMING_FEATURE_MEMBER_IMPORT_VISIBILITY = YES;
				SWIFT_VERSION = 5.0;
				TARGETED_DEVICE_FAMILY = "1,2";
				TEST_HOST = "$(BUILT_PRODUCTS_DIR)/SnapCharts.app/$(BUNDLE_EXECUTABLE_FOLDER_PATH)/SnapCharts";
			};
			name = Release;
		};
		E6A7DF062EF3773B00C31ED5 /* Debug */ = {
			isa = XCBuildConfiguration;
			baseConfigurationReference = F2D246451786CF51A46B1074 /* Pods-SnapCharts-SnapChartsUITests.debug.xcconfig */;
			buildSettings = {
				CODE_SIGN_STYLE = Automatic;
				CURRENT_PROJECT_VERSION = 1;
				DEVELOPMENT_TEAM = 6NP873845S;
				GENERATE_INFOPLIST_FILE = YES;
				MARKETING_VERSION = 1.0;
				PRODUCT_BUNDLE_IDENTIFIER = com.williamspiegel.SnapChartsUITests;
				PRODUCT_NAME = "$(TARGET_NAME)";
				STRING_CATALOG_GENERATE_SYMBOLS = NO;
				SWIFT_APPROACHABLE_CONCURRENCY = YES;
				SWIFT_EMIT_LOC_STRINGS = NO;
				SWIFT_UPCOMING_FEATURE_MEMBER_IMPORT_VISIBILITY = YES;
				SWIFT_VERSION = 5.0;
				TARGETED_DEVICE_FAMILY = "1,2";
				TEST_TARGET_NAME = SnapCharts;
			};
			name = Debug;
		};
		E6A7DF072EF3773B00C31ED5 /* Release */ = {
			isa = XCBuildConfiguration;
			baseConfigurationReference = 717F9E5795AD71CDE7C285AB /* Pods-SnapCharts-SnapChartsUITests.release.xcconfig */;
			buildSettings = {
				CODE_SIGN_STYLE = Automatic;
				CURRENT_PROJECT_VERSION = 1;
				DEVELOPMENT_TEAM = 6NP873845S;
				GENERATE_INFOPLIST_FILE = YES;
				MARKETING_VERSION = 1.0;
				PRODUCT_BUNDLE_IDENTIFIER = com.williamspiegel.SnapChartsUITests;
				PRODUCT_NAME = "$(TARGET_NAME)";
				STRING_CATALOG_GENERATE_SYMBOLS = NO;
				SWIFT_APPROACHABLE_CONCURRENCY = YES;
				SWIFT_EMIT_LOC_STRINGS = NO;
				SWIFT_UPCOMING_FEATURE_MEMBER_IMPORT_VISIBILITY = YES;
				SWIFT_VERSION = 5.0;
				TARGETED_DEVICE_FAMILY = "1,2";
				TEST_TARGET_NAME = SnapCharts;
			};
			name = Release;
		};
/* End XCBuildConfiguration section */

/* Begin XCConfigurationList section */
		E6A7DED42EF3773900C31ED5 /* Build configuration list for PBXProject "SnapCharts" */ = {
			isa = XCConfigurationList;
			buildConfigurations = (
				E6A7DEFD2EF3773B00C31ED5 /* Debug */,
				E6A7DEFE2EF3773B00C31ED5 /* Release */,
			);
			defaultConfigurationIsVisible = 0;
			defaultConfigurationName = Release;
		};
		E6A7DEFF2EF3773B00C31ED5 /* Build configuration list for PBXNativeTarget "SnapCharts" */ = {
			isa = XCConfigurationList;
			buildConfigurations = (
				E6A7DF002EF3773B00C31ED5 /* Debug */,
				E6A7DF012EF3773B00C31ED5 /* Release */,
			);
			defaultConfigurationIsVisible = 0;
			defaultConfigurationName = Release;
		};
		E6A7DF022EF3773B00C31ED5 /* Build configuration list for PBXNativeTarget "SnapChartsTests" */ = {
			isa = XCConfigurationList;
			buildConfigurations = (
				E6A7DF032EF3773B00C31ED5 /* Debug */,
				E6A7DF042EF3773B00C31ED5 /* Release */,
			);
			defaultConfigurationIsVisible = 0;
			defaultConfigurationName = Release;
		};
		E6A7DF052EF3773B00C31ED5 /* Build configuration list for PBXNativeTarget "SnapChartsUITests" */ = {
			isa = XCConfigurationList;
			buildConfigurations = (
				E6A7DF062EF3773B00C31ED5 /* Debug */,
				E6A7DF072EF3773B00C31ED5 /* Release */,
			);
			defaultConfigurationIsVisible = 0;
			defaultConfigurationName = Release;
		};
/* End XCConfigurationList section */
	};
	rootObject = E6A7DED12EF3773900C31ED5 /* Project object */;
}
